// !$*UTF8*$!
{
	archiveVersion = 1;
	classes = {
	};
	objectVersion = 55;
	objects = {

/* Begin PBXBuildFile section */
		3B75C84C28C7D40D00FEBD72 /* DataStorage.swift in Sources */ = {isa = PBXBuildFile; fileRef = 3B75C84B28C7D40D00FEBD72 /* DataStorage.swift */; };
		3B75C84E28C8850600FEBD72 /* RequestError.swift in Sources */ = {isa = PBXBuildFile; fileRef = 3B75C84D28C8850600FEBD72 /* RequestError.swift */; };
		3B75C85128C8891200FEBD72 /* RetryAlertViewModifier.swift in Sources */ = {isa = PBXBuildFile; fileRef = 3B75C85028C8891200FEBD72 /* RetryAlertViewModifier.swift */; };
		3B75C85628C8A75600FEBD72 /* Launch Screen.storyboard in Resources */ = {isa = PBXBuildFile; fileRef = 3B75C85528C8A75600FEBD72 /* Launch Screen.storyboard */; };
		3B75C85B28C8B09000FEBD72 /* MockComicsNetworkService.swift in Sources */ = {isa = PBXBuildFile; fileRef = 3B75C85A28C8B09000FEBD72 /* MockComicsNetworkService.swift */; };
		3B75C85D28C8B26C00FEBD72 /* comics-for-cahracter-1011334.json in Resources */ = {isa = PBXBuildFile; fileRef = 3B75C85C28C8B26C00FEBD72 /* comics-for-cahracter-1011334.json */; };
		3B75C86028C8B41A00FEBD72 /* CharacterStub.swift in Sources */ = {isa = PBXBuildFile; fileRef = 3B75C85F28C8B41A00FEBD72 /* CharacterStub.swift */; };
		3B75C86228CA7DD000FEBD72 /* URLCache+ImageCache.swift in Sources */ = {isa = PBXBuildFile; fileRef = 3B75C86128CA7DD000FEBD72 /* URLCache+ImageCache.swift */; };
		3B75C86B28CA851000FEBD72 /* CachedAsyncImage in Frameworks */ = {isa = PBXBuildFile; productRef = 3B75C86A28CA851000FEBD72 /* CachedAsyncImage */; };
		3B75C86D28CA910600FEBD72 /* XCTestCase+Extension.swift in Sources */ = {isa = PBXBuildFile; fileRef = 3B75C86C28CA910600FEBD72 /* XCTestCase+Extension.swift */; };
		3BC0FEE728C4F712006EB92A /* MarvelFunApp.swift in Sources */ = {isa = PBXBuildFile; fileRef = 3BC0FEE628C4F712006EB92A /* MarvelFunApp.swift */; };
		3BC0FEE928C4F712006EB92A /* ContentView.swift in Sources */ = {isa = PBXBuildFile; fileRef = 3BC0FEE828C4F712006EB92A /* ContentView.swift */; };
		3BC0FEEB28C4F715006EB92A /* Assets.xcassets in Resources */ = {isa = PBXBuildFile; fileRef = 3BC0FEEA28C4F715006EB92A /* Assets.xcassets */; };
		3BC0FEEE28C4F715006EB92A /* Preview Assets.xcassets in Resources */ = {isa = PBXBuildFile; fileRef = 3BC0FEED28C4F715006EB92A /* Preview Assets.xcassets */; };
		3BC0FEFD28C4F715006EB92A /* MarvelFunTests.swift in Sources */ = {isa = PBXBuildFile; fileRef = 3BC0FEFC28C4F715006EB92A /* MarvelFunTests.swift */; };
		3BC0FF0728C4F715006EB92A /* MarvelFunUITests.swift in Sources */ = {isa = PBXBuildFile; fileRef = 3BC0FF0628C4F715006EB92A /* MarvelFunUITests.swift */; };
		3BC0FF0928C4F715006EB92A /* MarvelFunUITestsLaunchTests.swift in Sources */ = {isa = PBXBuildFile; fileRef = 3BC0FF0828C4F715006EB92A /* MarvelFunUITestsLaunchTests.swift */; };
		3BC0FF1728C4F73C006EB92A /* Character.swift in Sources */ = {isa = PBXBuildFile; fileRef = 3BC0FF1628C4F73C006EB92A /* Character.swift */; };
		3BC0FF1928C4F94E006EB92A /* Image.swift in Sources */ = {isa = PBXBuildFile; fileRef = 3BC0FF1828C4F94E006EB92A /* Image.swift */; };
		3BC0FF1B28C4FB1F006EB92A /* Resource.swift in Sources */ = {isa = PBXBuildFile; fileRef = 3BC0FF1A28C4FB1F006EB92A /* Resource.swift */; };
		3BC0FF1E28C52BEE006EB92A /* CharactersNetworkService.swift in Sources */ = {isa = PBXBuildFile; fileRef = 3BC0FF1D28C52BEE006EB92A /* CharactersNetworkService.swift */; };
		3BC0FF2028C52CA8006EB92A /* Constants.swift in Sources */ = {isa = PBXBuildFile; fileRef = 3BC0FF1F28C52CA8006EB92A /* Constants.swift */; };
		3BC0FF2428C52EE0006EB92A /* Endpoint.swift in Sources */ = {isa = PBXBuildFile; fileRef = 3BC0FF2328C52EE0006EB92A /* Endpoint.swift */; };
		3BC0FF2628C53031006EB92A /* URLComposer.swift in Sources */ = {isa = PBXBuildFile; fileRef = 3BC0FF2528C53031006EB92A /* URLComposer.swift */; };
		3BC0FF2928C666FD006EB92A /* CharactersListViewModel.swift in Sources */ = {isa = PBXBuildFile; fileRef = 3BC0FF2828C666FD006EB92A /* CharactersListViewModel.swift */; };
		3BC0FF2C28C6748A006EB92A /* CharacterRowView.swift in Sources */ = {isa = PBXBuildFile; fileRef = 3BC0FF2B28C6748A006EB92A /* CharacterRowView.swift */; };
		3BC0FF2F28C68543006EB92A /* String+Extension.swift in Sources */ = {isa = PBXBuildFile; fileRef = 3BC0FF2E28C68543006EB92A /* String+Extension.swift */; };
		3BC0FF3128C69DFB006EB92A /* ComicsView.swift in Sources */ = {isa = PBXBuildFile; fileRef = 3BC0FF3028C69DFB006EB92A /* ComicsView.swift */; };
		3BC0FF3428C78F8A006EB92A /* ComicRowView.swift in Sources */ = {isa = PBXBuildFile; fileRef = 3BC0FF3328C78F8A006EB92A /* ComicRowView.swift */; };
		3BC0FF3628C78FA2006EB92A /* Comic.swift in Sources */ = {isa = PBXBuildFile; fileRef = 3BC0FF3528C78FA2006EB92A /* Comic.swift */; };
		3BC0FF3928C79358006EB92A /* ComicJSONDecoder.swift in Sources */ = {isa = PBXBuildFile; fileRef = 3BC0FF3828C79358006EB92A /* ComicJSONDecoder.swift */; };
		3BC0FF3B28C79395006EB92A /* DateFormatter+Extension.swift in Sources */ = {isa = PBXBuildFile; fileRef = 3BC0FF3A28C79395006EB92A /* DateFormatter+Extension.swift */; };
		3BC0FF3E28C79500006EB92A /* ComicsNetworkService.swift in Sources */ = {isa = PBXBuildFile; fileRef = 3BC0FF3D28C79500006EB92A /* ComicsNetworkService.swift */; };
		3BC0FF4028C79700006EB92A /* DataTaskPublisher.swift in Sources */ = {isa = PBXBuildFile; fileRef = 3BC0FF3F28C79700006EB92A /* DataTaskPublisher.swift */; };
		3BC0FF4228C7A25F006EB92A /* ComicsListViewModel.swift in Sources */ = {isa = PBXBuildFile; fileRef = 3BC0FF4128C7A25F006EB92A /* ComicsListViewModel.swift */; };
/* End PBXBuildFile section */

/* Begin PBXContainerItemProxy section */
		3BC0FEF928C4F715006EB92A /* PBXContainerItemProxy */ = {
			isa = PBXContainerItemProxy;
			containerPortal = 3BC0FEDB28C4F712006EB92A /* Project object */;
			proxyType = 1;
			remoteGlobalIDString = 3BC0FEE228C4F712006EB92A;
			remoteInfo = MarvelFun;
		};
		3BC0FF0328C4F715006EB92A /* PBXContainerItemProxy */ = {
			isa = PBXContainerItemProxy;
			containerPortal = 3BC0FEDB28C4F712006EB92A /* Project object */;
			proxyType = 1;
			remoteGlobalIDString = 3BC0FEE228C4F712006EB92A;
			remoteInfo = MarvelFun;
		};
/* End PBXContainerItemProxy section */

/* Begin PBXFileReference section */
		3B75C84B28C7D40D00FEBD72 /* DataStorage.swift */ = {isa = PBXFileReference; lastKnownFileType = sourcecode.swift; path = DataStorage.swift; sourceTree = "<group>"; };
		3B75C84D28C8850600FEBD72 /* RequestError.swift */ = {isa = PBXFileReference; lastKnownFileType = sourcecode.swift; path = RequestError.swift; sourceTree = "<group>"; };
		3B75C85028C8891200FEBD72 /* RetryAlertViewModifier.swift */ = {isa = PBXFileReference; lastKnownFileType = sourcecode.swift; path = RetryAlertViewModifier.swift; sourceTree = "<group>"; };
		3B75C85528C8A75600FEBD72 /* Launch Screen.storyboard */ = {isa = PBXFileReference; lastKnownFileType = file.storyboard; path = "Launch Screen.storyboard"; sourceTree = "<group>"; };
		3B75C85A28C8B09000FEBD72 /* MockComicsNetworkService.swift */ = {isa = PBXFileReference; lastKnownFileType = sourcecode.swift; path = MockComicsNetworkService.swift; sourceTree = "<group>"; };
		3B75C85C28C8B26C00FEBD72 /* comics-for-cahracter-1011334.json */ = {isa = PBXFileReference; fileEncoding = 4; lastKnownFileType = text.json; path = "comics-for-cahracter-1011334.json"; sourceTree = "<group>"; };
		3B75C85F28C8B41A00FEBD72 /* CharacterStub.swift */ = {isa = PBXFileReference; lastKnownFileType = sourcecode.swift; path = CharacterStub.swift; sourceTree = "<group>"; };
		3B75C86128CA7DD000FEBD72 /* URLCache+ImageCache.swift */ = {isa = PBXFileReference; lastKnownFileType = sourcecode.swift; path = "URLCache+ImageCache.swift"; sourceTree = "<group>"; };
		3B75C86C28CA910600FEBD72 /* XCTestCase+Extension.swift */ = {isa = PBXFileReference; lastKnownFileType = sourcecode.swift; path = "XCTestCase+Extension.swift"; sourceTree = "<group>"; };
		3BC0FEE328C4F712006EB92A /* MarvelFun.app */ = {isa = PBXFileReference; explicitFileType = wrapper.application; includeInIndex = 0; path = MarvelFun.app; sourceTree = BUILT_PRODUCTS_DIR; };
		3BC0FEE628C4F712006EB92A /* MarvelFunApp.swift */ = {isa = PBXFileReference; lastKnownFileType = sourcecode.swift; path = MarvelFunApp.swift; sourceTree = "<group>"; };
		3BC0FEE828C4F712006EB92A /* ContentView.swift */ = {isa = PBXFileReference; lastKnownFileType = sourcecode.swift; path = ContentView.swift; sourceTree = "<group>"; };
		3BC0FEEA28C4F715006EB92A /* Assets.xcassets */ = {isa = PBXFileReference; lastKnownFileType = folder.assetcatalog; path = Assets.xcassets; sourceTree = "<group>"; };
		3BC0FEED28C4F715006EB92A /* Preview Assets.xcassets */ = {isa = PBXFileReference; lastKnownFileType = folder.assetcatalog; path = "Preview Assets.xcassets"; sourceTree = "<group>"; };
		3BC0FEF828C4F715006EB92A /* MarvelFunTests.xctest */ = {isa = PBXFileReference; explicitFileType = wrapper.cfbundle; includeInIndex = 0; path = MarvelFunTests.xctest; sourceTree = BUILT_PRODUCTS_DIR; };
		3BC0FEFC28C4F715006EB92A /* MarvelFunTests.swift */ = {isa = PBXFileReference; lastKnownFileType = sourcecode.swift; path = MarvelFunTests.swift; sourceTree = "<group>"; };
		3BC0FF0228C4F715006EB92A /* MarvelFunUITests.xctest */ = {isa = PBXFileReference; explicitFileType = wrapper.cfbundle; includeInIndex = 0; path = MarvelFunUITests.xctest; sourceTree = BUILT_PRODUCTS_DIR; };
		3BC0FF0628C4F715006EB92A /* MarvelFunUITests.swift */ = {isa = PBXFileReference; lastKnownFileType = sourcecode.swift; path = MarvelFunUITests.swift; sourceTree = "<group>"; };
		3BC0FF0828C4F715006EB92A /* MarvelFunUITestsLaunchTests.swift */ = {isa = PBXFileReference; lastKnownFileType = sourcecode.swift; path = MarvelFunUITestsLaunchTests.swift; sourceTree = "<group>"; };
		3BC0FF1628C4F73C006EB92A /* Character.swift */ = {isa = PBXFileReference; lastKnownFileType = sourcecode.swift; path = Character.swift; sourceTree = "<group>"; };
		3BC0FF1828C4F94E006EB92A /* Image.swift */ = {isa = PBXFileReference; lastKnownFileType = sourcecode.swift; path = Image.swift; sourceTree = "<group>"; };
		3BC0FF1A28C4FB1F006EB92A /* Resource.swift */ = {isa = PBXFileReference; lastKnownFileType = sourcecode.swift; path = Resource.swift; sourceTree = "<group>"; };
		3BC0FF1D28C52BEE006EB92A /* CharactersNetworkService.swift */ = {isa = PBXFileReference; lastKnownFileType = sourcecode.swift; path = CharactersNetworkService.swift; sourceTree = "<group>"; };
		3BC0FF1F28C52CA8006EB92A /* Constants.swift */ = {isa = PBXFileReference; lastKnownFileType = sourcecode.swift; path = Constants.swift; sourceTree = "<group>"; };
		3BC0FF2328C52EE0006EB92A /* Endpoint.swift */ = {isa = PBXFileReference; lastKnownFileType = sourcecode.swift; path = Endpoint.swift; sourceTree = "<group>"; };
		3BC0FF2528C53031006EB92A /* URLComposer.swift */ = {isa = PBXFileReference; lastKnownFileType = sourcecode.swift; path = URLComposer.swift; sourceTree = "<group>"; };
		3BC0FF2828C666FD006EB92A /* CharactersListViewModel.swift */ = {isa = PBXFileReference; lastKnownFileType = sourcecode.swift; path = CharactersListViewModel.swift; sourceTree = "<group>"; };
		3BC0FF2B28C6748A006EB92A /* CharacterRowView.swift */ = {isa = PBXFileReference; lastKnownFileType = sourcecode.swift; path = CharacterRowView.swift; sourceTree = "<group>"; };
		3BC0FF2E28C68543006EB92A /* String+Extension.swift */ = {isa = PBXFileReference; lastKnownFileType = sourcecode.swift; path = "String+Extension.swift"; sourceTree = "<group>"; };
		3BC0FF3028C69DFB006EB92A /* ComicsView.swift */ = {isa = PBXFileReference; lastKnownFileType = sourcecode.swift; path = ComicsView.swift; sourceTree = "<group>"; };
		3BC0FF3228C6A4A5006EB92A /* Info.plist */ = {isa = PBXFileReference; lastKnownFileType = text.plist; path = Info.plist; sourceTree = "<group>"; };
		3BC0FF3328C78F8A006EB92A /* ComicRowView.swift */ = {isa = PBXFileReference; lastKnownFileType = sourcecode.swift; path = ComicRowView.swift; sourceTree = "<group>"; };
		3BC0FF3528C78FA2006EB92A /* Comic.swift */ = {isa = PBXFileReference; lastKnownFileType = sourcecode.swift; path = Comic.swift; sourceTree = "<group>"; };
		3BC0FF3828C79358006EB92A /* ComicJSONDecoder.swift */ = {isa = PBXFileReference; lastKnownFileType = sourcecode.swift; path = ComicJSONDecoder.swift; sourceTree = "<group>"; };
		3BC0FF3A28C79395006EB92A /* DateFormatter+Extension.swift */ = {isa = PBXFileReference; lastKnownFileType = sourcecode.swift; path = "DateFormatter+Extension.swift"; sourceTree = "<group>"; };
		3BC0FF3D28C79500006EB92A /* ComicsNetworkService.swift */ = {isa = PBXFileReference; lastKnownFileType = sourcecode.swift; path = ComicsNetworkService.swift; sourceTree = "<group>"; };
		3BC0FF3F28C79700006EB92A /* DataTaskPublisher.swift */ = {isa = PBXFileReference; lastKnownFileType = sourcecode.swift; path = DataTaskPublisher.swift; sourceTree = "<group>"; };
		3BC0FF4128C7A25F006EB92A /* ComicsListViewModel.swift */ = {isa = PBXFileReference; lastKnownFileType = sourcecode.swift; path = ComicsListViewModel.swift; sourceTree = "<group>"; };
/* End PBXFileReference section */

/* Begin PBXFrameworksBuildPhase section */
		3BC0FEE028C4F712006EB92A /* Frameworks */ = {
			isa = PBXFrameworksBuildPhase;
			buildActionMask = 2147483647;
			files = (
				3B75C86B28CA851000FEBD72 /* CachedAsyncImage in Frameworks */,
			);
			runOnlyForDeploymentPostprocessing = 0;
		};
		3BC0FEF528C4F715006EB92A /* Frameworks */ = {
			isa = PBXFrameworksBuildPhase;
			buildActionMask = 2147483647;
			files = (
			);
			runOnlyForDeploymentPostprocessing = 0;
		};
		3BC0FEFF28C4F715006EB92A /* Frameworks */ = {
			isa = PBXFrameworksBuildPhase;
			buildActionMask = 2147483647;
			files = (
			);
			runOnlyForDeploymentPostprocessing = 0;
		};
/* End PBXFrameworksBuildPhase section */

/* Begin PBXGroup section */
		3B75C84A28C7D38900FEBD72 /* Domain */ = {
			isa = PBXGroup;
			children = (
				3BC0FF1F28C52CA8006EB92A /* Constants.swift */,
			);
			path = Domain;
			sourceTree = "<group>";
		};
		3B75C84F28C888E600FEBD72 /* ViewModifiers */ = {
			isa = PBXGroup;
			children = (
				3B75C85028C8891200FEBD72 /* RetryAlertViewModifier.swift */,
			);
			path = ViewModifiers;
			sourceTree = "<group>";
		};
		3B75C85728C8AF1900FEBD72 /* Mocks */ = {
			isa = PBXGroup;
			children = (
				3B75C85A28C8B09000FEBD72 /* MockComicsNetworkService.swift */,
			);
			path = Mocks;
			sourceTree = "<group>";
		};
		3B75C85928C8AF3200FEBD72 /* TestData */ = {
			isa = PBXGroup;
			children = (
				3B75C85C28C8B26C00FEBD72 /* comics-for-cahracter-1011334.json */,
			);
			path = TestData;
			sourceTree = "<group>";
		};
		3B75C85E28C8B40400FEBD72 /* Stubs */ = {
			isa = PBXGroup;
			children = (
				3B75C85F28C8B41A00FEBD72 /* CharacterStub.swift */,
			);
			path = Stubs;
			sourceTree = "<group>";
		};
		3BC0FEDA28C4F712006EB92A = {
			isa = PBXGroup;
			children = (
				3BC0FEE528C4F712006EB92A /* MarvelFun */,
				3BC0FEFB28C4F715006EB92A /* MarvelFunTests */,
				3BC0FF0528C4F715006EB92A /* MarvelFunUITests */,
				3BC0FEE428C4F712006EB92A /* Products */,
			);
			sourceTree = "<group>";
		};
		3BC0FEE428C4F712006EB92A /* Products */ = {
			isa = PBXGroup;
			children = (
				3BC0FEE328C4F712006EB92A /* MarvelFun.app */,
				3BC0FEF828C4F715006EB92A /* MarvelFunTests.xctest */,
				3BC0FF0228C4F715006EB92A /* MarvelFunUITests.xctest */,
			);
			name = Products;
			sourceTree = "<group>";
		};
		3BC0FEE528C4F712006EB92A /* MarvelFun */ = {
			isa = PBXGroup;
			children = (
				3BC0FF1C28C52B6A006EB92A /* Network */,
				3BC0FF1528C4F725006EB92A /* Models */,
				3BC0FF2A28C6743B006EB92A /* Views */,
				3BC0FF2728C666DF006EB92A /* ViewModels */,
				3BC0FF2D28C6852B006EB92A /* Extension */,
				3BC0FF3728C79337006EB92A /* Mapping */,
				3B75C84A28C7D38900FEBD72 /* Domain */,
				3BC0FEE628C4F712006EB92A /* MarvelFunApp.swift */,
				3BC0FEEA28C4F715006EB92A /* Assets.xcassets */,
				3B75C85528C8A75600FEBD72 /* Launch Screen.storyboard */,
				3BC0FF3228C6A4A5006EB92A /* Info.plist */,
				3BC0FEEC28C4F715006EB92A /* Preview Content */,
			);
			path = MarvelFun;
			sourceTree = "<group>";
		};
		3BC0FEEC28C4F715006EB92A /* Preview Content */ = {
			isa = PBXGroup;
			children = (
				3BC0FEED28C4F715006EB92A /* Preview Assets.xcassets */,
			);
			path = "Preview Content";
			sourceTree = "<group>";
		};
		3BC0FEFB28C4F715006EB92A /* MarvelFunTests */ = {
			isa = PBXGroup;
			children = (
				3BC0FEFC28C4F715006EB92A /* MarvelFunTests.swift */,
				3B75C85E28C8B40400FEBD72 /* Stubs */,
				3B75C85928C8AF3200FEBD72 /* TestData */,
				3B75C85728C8AF1900FEBD72 /* Mocks */,
			);
			path = MarvelFunTests;
			sourceTree = "<group>";
		};
		3BC0FF0528C4F715006EB92A /* MarvelFunUITests */ = {
			isa = PBXGroup;
			children = (
				3BC0FF0628C4F715006EB92A /* MarvelFunUITests.swift */,
				3BC0FF0828C4F715006EB92A /* MarvelFunUITestsLaunchTests.swift */,
				3B75C86C28CA910600FEBD72 /* XCTestCase+Extension.swift */,
			);
			path = MarvelFunUITests;
			sourceTree = "<group>";
		};
		3BC0FF1528C4F725006EB92A /* Models */ = {
			isa = PBXGroup;
			children = (
				3BC0FF1628C4F73C006EB92A /* Character.swift */,
				3BC0FF1A28C4FB1F006EB92A /* Resource.swift */,
				3BC0FF1828C4F94E006EB92A /* Image.swift */,
				3BC0FF3528C78FA2006EB92A /* Comic.swift */,
				3B75C84B28C7D40D00FEBD72 /* DataStorage.swift */,
			);
			path = Models;
			sourceTree = "<group>";
		};
		3BC0FF1C28C52B6A006EB92A /* Network */ = {
			isa = PBXGroup;
			children = (
				3BC0FF2328C52EE0006EB92A /* Endpoint.swift */,
				3B75C84D28C8850600FEBD72 /* RequestError.swift */,
				3BC0FF2528C53031006EB92A /* URLComposer.swift */,
				3BC0FF3F28C79700006EB92A /* DataTaskPublisher.swift */,
				3BC0FF3C28C794E4006EB92A /* NetworkServices */,
			);
			path = Network;
			sourceTree = "<group>";
		};
		3BC0FF2728C666DF006EB92A /* ViewModels */ = {
			isa = PBXGroup;
			children = (
				3BC0FF2828C666FD006EB92A /* CharactersListViewModel.swift */,
				3BC0FF4128C7A25F006EB92A /* ComicsListViewModel.swift */,
			);
			path = ViewModels;
			sourceTree = "<group>";
		};
		3BC0FF2A28C6743B006EB92A /* Views */ = {
			isa = PBXGroup;
			children = (
				3BC0FEE828C4F712006EB92A /* ContentView.swift */,
				3BC0FF3028C69DFB006EB92A /* ComicsView.swift */,
				3BC0FF2B28C6748A006EB92A /* CharacterRowView.swift */,
				3BC0FF3328C78F8A006EB92A /* ComicRowView.swift */,
				3B75C84F28C888E600FEBD72 /* ViewModifiers */,
			);
			path = Views;
			sourceTree = "<group>";
		};
		3BC0FF2D28C6852B006EB92A /* Extension */ = {
			isa = PBXGroup;
			children = (
				3BC0FF2E28C68543006EB92A /* String+Extension.swift */,
				3BC0FF3A28C79395006EB92A /* DateFormatter+Extension.swift */,
				3B75C86128CA7DD000FEBD72 /* URLCache+ImageCache.swift */,
			);
			path = Extension;
			sourceTree = "<group>";
		};
		3BC0FF3728C79337006EB92A /* Mapping */ = {
			isa = PBXGroup;
			children = (
				3BC0FF3828C79358006EB92A /* ComicJSONDecoder.swift */,
			);
			path = Mapping;
			sourceTree = "<group>";
		};
		3BC0FF3C28C794E4006EB92A /* NetworkServices */ = {
			isa = PBXGroup;
			children = (
				3BC0FF1D28C52BEE006EB92A /* CharactersNetworkService.swift */,
				3BC0FF3D28C79500006EB92A /* ComicsNetworkService.swift */,
			);
			path = NetworkServices;
			sourceTree = "<group>";
		};
/* End PBXGroup section */

/* Begin PBXNativeTarget section */
		3BC0FEE228C4F712006EB92A /* MarvelFun */ = {
			isa = PBXNativeTarget;
			buildConfigurationList = 3BC0FF0C28C4F715006EB92A /* Build configuration list for PBXNativeTarget "MarvelFun" */;
			buildPhases = (
				3BC0FEDF28C4F712006EB92A /* Sources */,
				3BC0FEE028C4F712006EB92A /* Frameworks */,
				3BC0FEE128C4F712006EB92A /* Resources */,
			);
			buildRules = (
			);
			dependencies = (
			);
			name = MarvelFun;
			packageProductDependencies = (
				3B75C86A28CA851000FEBD72 /* CachedAsyncImage */,
			);
			productName = MarvelFun;
			productReference = 3BC0FEE328C4F712006EB92A /* MarvelFun.app */;
			productType = "com.apple.product-type.application";
		};
		3BC0FEF728C4F715006EB92A /* MarvelFunTests */ = {
			isa = PBXNativeTarget;
			buildConfigurationList = 3BC0FF0F28C4F715006EB92A /* Build configuration list for PBXNativeTarget "MarvelFunTests" */;
			buildPhases = (
				3BC0FEF428C4F715006EB92A /* Sources */,
				3BC0FEF528C4F715006EB92A /* Frameworks */,
				3BC0FEF628C4F715006EB92A /* Resources */,
			);
			buildRules = (
			);
			dependencies = (
				3BC0FEFA28C4F715006EB92A /* PBXTargetDependency */,
			);
			name = MarvelFunTests;
			productName = MarvelFunTests;
			productReference = 3BC0FEF828C4F715006EB92A /* MarvelFunTests.xctest */;
			productType = "com.apple.product-type.bundle.unit-test";
		};
		3BC0FF0128C4F715006EB92A /* MarvelFunUITests */ = {
			isa = PBXNativeTarget;
			buildConfigurationList = 3BC0FF1228C4F715006EB92A /* Build configuration list for PBXNativeTarget "MarvelFunUITests" */;
			buildPhases = (
				3BC0FEFE28C4F715006EB92A /* Sources */,
				3BC0FEFF28C4F715006EB92A /* Frameworks */,
				3BC0FF0028C4F715006EB92A /* Resources */,
			);
			buildRules = (
			);
			dependencies = (
				3BC0FF0428C4F715006EB92A /* PBXTargetDependency */,
			);
			name = MarvelFunUITests;
			productName = MarvelFunUITests;
			productReference = 3BC0FF0228C4F715006EB92A /* MarvelFunUITests.xctest */;
			productType = "com.apple.product-type.bundle.ui-testing";
		};
/* End PBXNativeTarget section */

/* Begin PBXProject section */
		3BC0FEDB28C4F712006EB92A /* Project object */ = {
			isa = PBXProject;
			attributes = {
				BuildIndependentTargetsInParallel = 1;
				LastSwiftUpdateCheck = 1340;
				LastUpgradeCheck = 1340;
				TargetAttributes = {
					3BC0FEE228C4F712006EB92A = {
						CreatedOnToolsVersion = 13.4.1;
					};
					3BC0FEF728C4F715006EB92A = {
						CreatedOnToolsVersion = 13.4.1;
						TestTargetID = 3BC0FEE228C4F712006EB92A;
					};
					3BC0FF0128C4F715006EB92A = {
						CreatedOnToolsVersion = 13.4.1;
						TestTargetID = 3BC0FEE228C4F712006EB92A;
					};
				};
			};
			buildConfigurationList = 3BC0FEDE28C4F712006EB92A /* Build configuration list for PBXProject "MarvelFun" */;
			compatibilityVersion = "Xcode 13.0";
			developmentRegion = en;
			hasScannedForEncodings = 0;
			knownRegions = (
				en,
				Base,
			);
			mainGroup = 3BC0FEDA28C4F712006EB92A;
			packageReferences = (
				3B75C86928CA851000FEBD72 /* XCRemoteSwiftPackageReference "swiftui-cached-async-image" */,
			);
			productRefGroup = 3BC0FEE428C4F712006EB92A /* Products */;
			projectDirPath = "";
			projectRoot = "";
			targets = (
				3BC0FEE228C4F712006EB92A /* MarvelFun */,
				3BC0FEF728C4F715006EB92A /* MarvelFunTests */,
				3BC0FF0128C4F715006EB92A /* MarvelFunUITests */,
			);
		};
/* End PBXProject section */

/* Begin PBXResourcesBuildPhase section */
		3BC0FEE128C4F712006EB92A /* Resources */ = {
			isa = PBXResourcesBuildPhase;
			buildActionMask = 2147483647;
			files = (
				3B75C85628C8A75600FEBD72 /* Launch Screen.storyboard in Resources */,
				3BC0FEEE28C4F715006EB92A /* Preview Assets.xcassets in Resources */,
				3BC0FEEB28C4F715006EB92A /* Assets.xcassets in Resources */,
			);
			runOnlyForDeploymentPostprocessing = 0;
		};
		3BC0FEF628C4F715006EB92A /* Resources */ = {
			isa = PBXResourcesBuildPhase;
			buildActionMask = 2147483647;
			files = (
				3B75C85D28C8B26C00FEBD72 /* comics-for-cahracter-1011334.json in Resources */,
			);
			runOnlyForDeploymentPostprocessing = 0;
		};
		3BC0FF0028C4F715006EB92A /* Resources */ = {
			isa = PBXResourcesBuildPhase;
			buildActionMask = 2147483647;
			files = (
			);
			runOnlyForDeploymentPostprocessing = 0;
		};
/* End PBXResourcesBuildPhase section */

/* Begin PBXSourcesBuildPhase section */
		3BC0FEDF28C4F712006EB92A /* Sources */ = {
			isa = PBXSourcesBuildPhase;
			buildActionMask = 2147483647;
			files = (
				3BC0FF3628C78FA2006EB92A /* Comic.swift in Sources */,
				3BC0FF1B28C4FB1F006EB92A /* Resource.swift in Sources */,
				3BC0FF1928C4F94E006EB92A /* Image.swift in Sources */,
				3B75C85128C8891200FEBD72 /* RetryAlertViewModifier.swift in Sources */,
				3BC0FF2628C53031006EB92A /* URLComposer.swift in Sources */,
				3B75C86228CA7DD000FEBD72 /* URLCache+ImageCache.swift in Sources */,
				3BC0FEE928C4F712006EB92A /* ContentView.swift in Sources */,
				3BC0FF4228C7A25F006EB92A /* ComicsListViewModel.swift in Sources */,
				3BC0FF3928C79358006EB92A /* ComicJSONDecoder.swift in Sources */,
				3BC0FF1E28C52BEE006EB92A /* CharactersNetworkService.swift in Sources */,
				3BC0FF3128C69DFB006EB92A /* ComicsView.swift in Sources */,
				3BC0FF4028C79700006EB92A /* DataTaskPublisher.swift in Sources */,
				3BC0FF1728C4F73C006EB92A /* Character.swift in Sources */,
				3BC0FF2C28C6748A006EB92A /* CharacterRowView.swift in Sources */,
				3B75C84C28C7D40D00FEBD72 /* DataStorage.swift in Sources */,
				3BC0FF2F28C68543006EB92A /* String+Extension.swift in Sources */,
				3B75C84E28C8850600FEBD72 /* RequestError.swift in Sources */,
				3BC0FF3428C78F8A006EB92A /* ComicRowView.swift in Sources */,
				3BC0FF3B28C79395006EB92A /* DateFormatter+Extension.swift in Sources */,
				3BC0FF2928C666FD006EB92A /* CharactersListViewModel.swift in Sources */,
				3BC0FEE728C4F712006EB92A /* MarvelFunApp.swift in Sources */,
				3BC0FF2428C52EE0006EB92A /* Endpoint.swift in Sources */,
				3BC0FF3E28C79500006EB92A /* ComicsNetworkService.swift in Sources */,
				3BC0FF2028C52CA8006EB92A /* Constants.swift in Sources */,
			);
			runOnlyForDeploymentPostprocessing = 0;
		};
		3BC0FEF428C4F715006EB92A /* Sources */ = {
			isa = PBXSourcesBuildPhase;
			buildActionMask = 2147483647;
			files = (
				3B75C85B28C8B09000FEBD72 /* MockComicsNetworkService.swift in Sources */,
				3BC0FEFD28C4F715006EB92A /* MarvelFunTests.swift in Sources */,
				3B75C86028C8B41A00FEBD72 /* CharacterStub.swift in Sources */,
			);
			runOnlyForDeploymentPostprocessing = 0;
		};
		3BC0FEFE28C4F715006EB92A /* Sources */ = {
			isa = PBXSourcesBuildPhase;
			buildActionMask = 2147483647;
			files = (
				3B75C86D28CA910600FEBD72 /* XCTestCase+Extension.swift in Sources */,
				3BC0FF0728C4F715006EB92A /* MarvelFunUITests.swift in Sources */,
				3BC0FF0928C4F715006EB92A /* MarvelFunUITestsLaunchTests.swift in Sources */,
			);
			runOnlyForDeploymentPostprocessing = 0;
		};
/* End PBXSourcesBuildPhase section */

/* Begin PBXTargetDependency section */
		3BC0FEFA28C4F715006EB92A /* PBXTargetDependency */ = {
			isa = PBXTargetDependency;
			target = 3BC0FEE228C4F712006EB92A /* MarvelFun */;
			targetProxy = 3BC0FEF928C4F715006EB92A /* PBXContainerItemProxy */;
		};
		3BC0FF0428C4F715006EB92A /* PBXTargetDependency */ = {
			isa = PBXTargetDependency;
			target = 3BC0FEE228C4F712006EB92A /* MarvelFun */;
			targetProxy = 3BC0FF0328C4F715006EB92A /* PBXContainerItemProxy */;
		};
/* End PBXTargetDependency section */

/* Begin XCBuildConfiguration section */
		3BC0FF0A28C4F715006EB92A /* Debug */ = {
			isa = XCBuildConfiguration;
			buildSettings = {
				ALWAYS_SEARCH_USER_PATHS = NO;
				CLANG_ANALYZER_NONNULL = YES;
				CLANG_ANALYZER_NUMBER_OBJECT_CONVERSION = YES_AGGRESSIVE;
				CLANG_CXX_LANGUAGE_STANDARD = "gnu++17";
				CLANG_ENABLE_MODULES = YES;
				CLANG_ENABLE_OBJC_ARC = YES;
				CLANG_ENABLE_OBJC_WEAK = YES;
				CLANG_WARN_BLOCK_CAPTURE_AUTORELEASING = YES;
				CLANG_WARN_BOOL_CONVERSION = YES;
				CLANG_WARN_COMMA = YES;
				CLANG_WARN_CONSTANT_CONVERSION = YES;
				CLANG_WARN_DEPRECATED_OBJC_IMPLEMENTATIONS = YES;
				CLANG_WARN_DIRECT_OBJC_ISA_USAGE = YES_ERROR;
				CLANG_WARN_DOCUMENTATION_COMMENTS = YES;
				CLANG_WARN_EMPTY_BODY = YES;
				CLANG_WARN_ENUM_CONVERSION = YES;
				CLANG_WARN_INFINITE_RECURSION = YES;
				CLANG_WARN_INT_CONVERSION = YES;
				CLANG_WARN_NON_LITERAL_NULL_CONVERSION = YES;
				CLANG_WARN_OBJC_IMPLICIT_RETAIN_SELF = YES;
				CLANG_WARN_OBJC_LITERAL_CONVERSION = YES;
				CLANG_WARN_OBJC_ROOT_CLASS = YES_ERROR;
				CLANG_WARN_QUOTED_INCLUDE_IN_FRAMEWORK_HEADER = YES;
				CLANG_WARN_RANGE_LOOP_ANALYSIS = YES;
				CLANG_WARN_STRICT_PROTOTYPES = YES;
				CLANG_WARN_SUSPICIOUS_MOVE = YES;
				CLANG_WARN_UNGUARDED_AVAILABILITY = YES_AGGRESSIVE;
				CLANG_WARN_UNREACHABLE_CODE = YES;
				CLANG_WARN__DUPLICATE_METHOD_MATCH = YES;
				COPY_PHASE_STRIP = NO;
				DEBUG_INFORMATION_FORMAT = dwarf;
				ENABLE_STRICT_OBJC_MSGSEND = YES;
				ENABLE_TESTABILITY = YES;
				GCC_C_LANGUAGE_STANDARD = gnu11;
				GCC_DYNAMIC_NO_PIC = NO;
				GCC_NO_COMMON_BLOCKS = YES;
				GCC_OPTIMIZATION_LEVEL = 0;
				GCC_PREPROCESSOR_DEFINITIONS = (
					"DEBUG=1",
					"$(inherited)",
				);
				GCC_WARN_64_TO_32_BIT_CONVERSION = YES;
				GCC_WARN_ABOUT_RETURN_TYPE = YES_ERROR;
				GCC_WARN_UNDECLARED_SELECTOR = YES;
				GCC_WARN_UNINITIALIZED_AUTOS = YES_AGGRESSIVE;
				GCC_WARN_UNUSED_FUNCTION = YES;
				GCC_WARN_UNUSED_VARIABLE = YES;
				IPHONEOS_DEPLOYMENT_TARGET = 15.5;
				MTL_ENABLE_DEBUG_INFO = INCLUDE_SOURCE;
				MTL_FAST_MATH = YES;
				ONLY_ACTIVE_ARCH = YES;
				SDKROOT = iphoneos;
				SWIFT_ACTIVE_COMPILATION_CONDITIONS = DEBUG;
				SWIFT_OPTIMIZATION_LEVEL = "-Onone";
			};
			name = Debug;
		};
		3BC0FF0B28C4F715006EB92A /* Release */ = {
			isa = XCBuildConfiguration;
			buildSettings = {
				ALWAYS_SEARCH_USER_PATHS = NO;
				CLANG_ANALYZER_NONNULL = YES;
				CLANG_ANALYZER_NUMBER_OBJECT_CONVERSION = YES_AGGRESSIVE;
				CLANG_CXX_LANGUAGE_STANDARD = "gnu++17";
				CLANG_ENABLE_MODULES = YES;
				CLANG_ENABLE_OBJC_ARC = YES;
				CLANG_ENABLE_OBJC_WEAK = YES;
				CLANG_WARN_BLOCK_CAPTURE_AUTORELEASING = YES;
				CLANG_WARN_BOOL_CONVERSION = YES;
				CLANG_WARN_COMMA = YES;
				CLANG_WARN_CONSTANT_CONVERSION = YES;
				CLANG_WARN_DEPRECATED_OBJC_IMPLEMENTATIONS = YES;
				CLANG_WARN_DIRECT_OBJC_ISA_USAGE = YES_ERROR;
				CLANG_WARN_DOCUMENTATION_COMMENTS = YES;
				CLANG_WARN_EMPTY_BODY = YES;
				CLANG_WARN_ENUM_CONVERSION = YES;
				CLANG_WARN_INFINITE_RECURSION = YES;
				CLANG_WARN_INT_CONVERSION = YES;
				CLANG_WARN_NON_LITERAL_NULL_CONVERSION = YES;
				CLANG_WARN_OBJC_IMPLICIT_RETAIN_SELF = YES;
				CLANG_WARN_OBJC_LITERAL_CONVERSION = YES;
				CLANG_WARN_OBJC_ROOT_CLASS = YES_ERROR;
				CLANG_WARN_QUOTED_INCLUDE_IN_FRAMEWORK_HEADER = YES;
				CLANG_WARN_RANGE_LOOP_ANALYSIS = YES;
				CLANG_WARN_STRICT_PROTOTYPES = YES;
				CLANG_WARN_SUSPICIOUS_MOVE = YES;
				CLANG_WARN_UNGUARDED_AVAILABILITY = YES_AGGRESSIVE;
				CLANG_WARN_UNREACHABLE_CODE = YES;
				CLANG_WARN__DUPLICATE_METHOD_MATCH = YES;
				COPY_PHASE_STRIP = NO;
				DEBUG_INFORMATION_FORMAT = "dwarf-with-dsym";
				ENABLE_NS_ASSERTIONS = NO;
				ENABLE_STRICT_OBJC_MSGSEND = YES;
				GCC_C_LANGUAGE_STANDARD = gnu11;
				GCC_NO_COMMON_BLOCKS = YES;
				GCC_WARN_64_TO_32_BIT_CONVERSION = YES;
				GCC_WARN_ABOUT_RETURN_TYPE = YES_ERROR;
				GCC_WARN_UNDECLARED_SELECTOR = YES;
				GCC_WARN_UNINITIALIZED_AUTOS = YES_AGGRESSIVE;
				GCC_WARN_UNUSED_FUNCTION = YES;
				GCC_WARN_UNUSED_VARIABLE = YES;
				IPHONEOS_DEPLOYMENT_TARGET = 15.5;
				MTL_ENABLE_DEBUG_INFO = NO;
				MTL_FAST_MATH = YES;
				SDKROOT = iphoneos;
				SWIFT_COMPILATION_MODE = wholemodule;
				SWIFT_OPTIMIZATION_LEVEL = "-O";
				VALIDATE_PRODUCT = YES;
			};
			name = Release;
		};
		3BC0FF0D28C4F715006EB92A /* Debug */ = {
			isa = XCBuildConfiguration;
			buildSettings = {
				ASSETCATALOG_COMPILER_APPICON_NAME = AppIcon;
				ASSETCATALOG_COMPILER_GLOBAL_ACCENT_COLOR_NAME = AccentColor;
				CODE_SIGN_STYLE = Automatic;
				CURRENT_PROJECT_VERSION = 1;
				DEVELOPMENT_ASSET_PATHS = "\"MarvelFun/Preview Content\"";
				DEVELOPMENT_TEAM = DXJNX364NJ;
				ENABLE_PREVIEWS = YES;
				GENERATE_INFOPLIST_FILE = YES;
				INFOPLIST_FILE = MarvelFun/Info.plist;
				INFOPLIST_KEY_UIApplicationSceneManifest_Generation = YES;
				INFOPLIST_KEY_UIApplicationSupportsIndirectInputEvents = YES;
				INFOPLIST_KEY_UILaunchScreen_Generation = YES;
				INFOPLIST_KEY_UISupportedInterfaceOrientations_iPad = "UIInterfaceOrientationPortrait UIInterfaceOrientationPortraitUpsideDown UIInterfaceOrientationLandscapeLeft UIInterfaceOrientationLandscapeRight";
				INFOPLIST_KEY_UISupportedInterfaceOrientations_iPhone = "UIInterfaceOrientationPortrait UIInterfaceOrientationLandscapeLeft UIInterfaceOrientationLandscapeRight";
				LD_RUNPATH_SEARCH_PATHS = (
					"$(inherited)",
					"@executable_path/Frameworks",
				);
				MARKETING_VERSION = 1.0;
				PRODUCT_BUNDLE_IDENTIFIER = home.MarvelFun;
				PRODUCT_NAME = "$(TARGET_NAME)";
				SWIFT_EMIT_LOC_STRINGS = YES;
				SWIFT_VERSION = 5.0;
				TARGETED_DEVICE_FAMILY = 1;
			};
			name = Debug;
		};
		3BC0FF0E28C4F715006EB92A /* Release */ = {
			isa = XCBuildConfiguration;
			buildSettings = {
				ASSETCATALOG_COMPILER_APPICON_NAME = AppIcon;
				ASSETCATALOG_COMPILER_GLOBAL_ACCENT_COLOR_NAME = AccentColor;
				CODE_SIGN_STYLE = Automatic;
				CURRENT_PROJECT_VERSION = 1;
				DEVELOPMENT_ASSET_PATHS = "\"MarvelFun/Preview Content\"";
				DEVELOPMENT_TEAM = DXJNX364NJ;
				ENABLE_PREVIEWS = YES;
				GENERATE_INFOPLIST_FILE = YES;
				INFOPLIST_FILE = MarvelFun/Info.plist;
				INFOPLIST_KEY_UIApplicationSceneManifest_Generation = YES;
				INFOPLIST_KEY_UIApplicationSupportsIndirectInputEvents = YES;
				INFOPLIST_KEY_UILaunchScreen_Generation = YES;
				INFOPLIST_KEY_UISupportedInterfaceOrientations_iPad = "UIInterfaceOrientationPortrait UIInterfaceOrientationPortraitUpsideDown UIInterfaceOrientationLandscapeLeft UIInterfaceOrientationLandscapeRight";
				INFOPLIST_KEY_UISupportedInterfaceOrientations_iPhone = "UIInterfaceOrientationPortrait UIInterfaceOrientationLandscapeLeft UIInterfaceOrientationLandscapeRight";
				LD_RUNPATH_SEARCH_PATHS = (
					"$(inherited)",
					"@executable_path/Frameworks",
				);
				MARKETING_VERSION = 1.0;
				PRODUCT_BUNDLE_IDENTIFIER = home.MarvelFun;
				PRODUCT_NAME = "$(TARGET_NAME)";
				SWIFT_EMIT_LOC_STRINGS = YES;
				SWIFT_VERSION = 5.0;
				TARGETED_DEVICE_FAMILY = 1;
			};
			name = Release;
		};
		3BC0FF1028C4F715006EB92A /* Debug */ = {
			isa = XCBuildConfiguration;
			buildSettings = {
				ALWAYS_EMBED_SWIFT_STANDARD_LIBRARIES = YES;
				BUNDLE_LOADER = "$(TEST_HOST)";
				CODE_SIGN_STYLE = Automatic;
				CURRENT_PROJECT_VERSION = 1;
				GENERATE_INFOPLIST_FILE = YES;
				IPHONEOS_DEPLOYMENT_TARGET = 15.5;
				MARKETING_VERSION = 1.0;
				PRODUCT_BUNDLE_IDENTIFIER = home.MarvelFunTests;
				PRODUCT_NAME = "$(TARGET_NAME)";
				SWIFT_EMIT_LOC_STRINGS = NO;
				SWIFT_VERSION = 5.0;
				TARGETED_DEVICE_FAMILY = "1,2";
				TEST_HOST = "$(BUILT_PRODUCTS_DIR)/MarvelFun.app/MarvelFun";
			};
			name = Debug;
		};
		3BC0FF1128C4F715006EB92A /* Release */ = {
			isa = XCBuildConfiguration;
			buildSettings = {
				ALWAYS_EMBED_SWIFT_STANDARD_LIBRARIES = YES;
				BUNDLE_LOADER = "$(TEST_HOST)";
				CODE_SIGN_STYLE = Automatic;
				CURRENT_PROJECT_VERSION = 1;
				GENERATE_INFOPLIST_FILE = YES;
				IPHONEOS_DEPLOYMENT_TARGET = 15.5;
				MARKETING_VERSION = 1.0;
				PRODUCT_BUNDLE_IDENTIFIER = home.MarvelFunTests;
				PRODUCT_NAME = "$(TARGET_NAME)";
				SWIFT_EMIT_LOC_STRINGS = NO;
				SWIFT_VERSION = 5.0;
				TARGETED_DEVICE_FAMILY = "1,2";
				TEST_HOST = "$(BUILT_PRODUCTS_DIR)/MarvelFun.app/MarvelFun";
			};
			name = Release;
		};
		3BC0FF1328C4F715006EB92A /* Debug */ = {
			isa = XCBuildConfiguration;
			buildSettings = {
				ALWAYS_EMBED_SWIFT_STANDARD_LIBRARIES = YES;
				CODE_SIGN_STYLE = Automatic;
				CURRENT_PROJECT_VERSION = 1;
				GENERATE_INFOPLIST_FILE = YES;
				MARKETING_VERSION = 1.0;
				PRODUCT_BUNDLE_IDENTIFIER = home.MarvelFunUITests;
				PRODUCT_NAME = "$(TARGET_NAME)";
				SWIFT_EMIT_LOC_STRINGS = NO;
				SWIFT_VERSION = 5.0;
				TARGETED_DEVICE_FAMILY = "1,2";
				TEST_TARGET_NAME = MarvelFun;
			};
			name = Debug;
		};
		3BC0FF1428C4F715006EB92A /* Release */ = {
			isa = XCBuildConfiguration;
			buildSettings = {
				ALWAYS_EMBED_SWIFT_STANDARD_LIBRARIES = YES;
				CODE_SIGN_STYLE = Automatic;
				CURRENT_PROJECT_VERSION = 1;
				GENERATE_INFOPLIST_FILE = YES;
				MARKETING_VERSION = 1.0;
				PRODUCT_BUNDLE_IDENTIFIER = home.MarvelFunUITests;
				PRODUCT_NAME = "$(TARGET_NAME)";
				SWIFT_EMIT_LOC_STRINGS = NO;
				SWIFT_VERSION = 5.0;
				TARGETED_DEVICE_FAMILY = "1,2";
				TEST_TARGET_NAME = MarvelFun;
			};
			name = Release;
		};
/* End XCBuildConfiguration section */

/* Begin XCConfigurationList section */
		3BC0FEDE28C4F712006EB92A /* Build configuration list for PBXProject "MarvelFun" */ = {
			isa = XCConfigurationList;
			buildConfigurations = (
				3BC0FF0A28C4F715006EB92A /* Debug */,
				3BC0FF0B28C4F715006EB92A /* Release */,
			);
			defaultConfigurationIsVisible = 0;
			defaultConfigurationName = Release;
		};
		3BC0FF0C28C4F715006EB92A /* Build configuration list for PBXNativeTarget "MarvelFun" */ = {
			isa = XCConfigurationList;
			buildConfigurations = (
				3BC0FF0D28C4F715006EB92A /* Debug */,
				3BC0FF0E28C4F715006EB92A /* Release */,
			);
			defaultConfigurationIsVisible = 0;
			defaultConfigurationName = Release;
		};
		3BC0FF0F28C4F715006EB92A /* Build configuration list for PBXNativeTarget "MarvelFunTests" */ = {
			isa = XCConfigurationList;
			buildConfigurations = (
				3BC0FF1028C4F715006EB92A /* Debug */,
				3BC0FF1128C4F715006EB92A /* Release */,
			);
			defaultConfigurationIsVisible = 0;
			defaultConfigurationName = Release;
		};
		3BC0FF1228C4F715006EB92A /* Build configuration list for PBXNativeTarget "MarvelFunUITests" */ = {
			isa = XCConfigurationList;
			buildConfigurations = (
				3BC0FF1328C4F715006EB92A /* Debug */,
				3BC0FF1428C4F715006EB92A /* Release */,
			);
			defaultConfigurationIsVisible = 0;
			defaultConfigurationName = Release;
		};
/* End XCConfigurationList section */

/* Begin XCRemoteSwiftPackageReference section */
		3B75C86928CA851000FEBD72 /* XCRemoteSwiftPackageReference "swiftui-cached-async-image" */ = {
			isa = XCRemoteSwiftPackageReference;
			repositoryURL = "https://github.com/lorenzofiamingo/swiftui-cached-async-image";
			requirement = {
				branch = main;
				kind = branch;
			};
		};
/* End XCRemoteSwiftPackageReference section */

/* Begin XCSwiftPackageProductDependency section */
		3B75C86A28CA851000FEBD72 /* CachedAsyncImage */ = {
			isa = XCSwiftPackageProductDependency;
			package = 3B75C86928CA851000FEBD72 /* XCRemoteSwiftPackageReference "swiftui-cached-async-image" */;
			productName = CachedAsyncImage;
		};
/* End XCSwiftPackageProductDependency section */
	};
	rootObject = 3BC0FEDB28C4F712006EB92A /* Project object */;
}
